
Microsoft Visual Studio Solution File, Format Version 12.00
# Visual Studio 15
VisualStudioVersion = 15.0.26430.14
MinimumVisualStudioVersion = 10.0.40219.1
Project("{FAE04EC0-301F-11D3-BF4B-00C04F79EFBC}") = "HomeAutomation.Monitor", "HomeAutomation.Monitor\HomeAutomation.Monitor.csproj", "{602B8F10-61A7-425B-9373-F97CDA3A0C12}"
EndProject
Project("{FAE04EC0-301F-11D3-BF4B-00C04F79EFBC}") = "HomeAutomation.PhilipsHue", "HomeAutomation.PhilipsHue\HomeAutomation.PhilipsHue.csproj", "{C7F8AFDA-8BF0-4911-ACFD-1F62B507AC11}"
EndProject
Project("{FAE04EC0-301F-11D3-BF4B-00C04F79EFBC}") = "HomeAutomation.PhilipsHue.Tests", "HomeAutomation.PhilipsHue.Tests\HomeAutomation.PhilipsHue.Tests.csproj", "{D038C7CA-1021-48AB-9EFA-BCBBA1E787ED}"
EndProject
Project("{FAE04EC0-301F-11D3-BF4B-00C04F79EFBC}") = "HomeAutomation.Wpf", "HomeAutomation.Wpf\HomeAutomation.Wpf.csproj", "{98CCBBB1-EA14-4029-B119-7C147FEAE94F}"
EndProject
Global
	GlobalSection(SolutionConfigurationPlatforms) = preSolution
		Debug|Any CPU = Debug|Any CPU
		Release|Any CPU = Release|Any CPU
	EndGlobalSection
	GlobalSection(ProjectConfigurationPlatforms) = postSolution
		{602B8F10-61A7-425B-9373-F97CDA3A0C12}.Debug|Any CPU.ActiveCfg = Debug|Any CPU
		{602B8F10-61A7-425B-9373-F97CDA3A0C12}.Debug|Any CPU.Build.0 = Debug|Any CPU
		{602B8F10-61A7-425B-9373-F97CDA3A0C12}.Release|Any CPU.ActiveCfg = Release|Any CPU
		{602B8F10-61A7-425B-9373-F97CDA3A0C12}.Release|Any CPU.Build.0 = Release|Any CPU
		{C7F8AFDA-8BF0-4911-ACFD-1F62B507AC11}.Debug|Any CPU.ActiveCfg = Debug|Any CPU
		{C7F8AFDA-8BF0-4911-ACFD-1F62B507AC11}.Debug|Any CPU.Build.0 = Debug|Any CPU
		{C7F8AFDA-8BF0-4911-ACFD-1F62B507AC11}.Release|Any CPU.ActiveCfg = Release|Any CPU
		{C7F8AFDA-8BF0-4911-ACFD-1F62B507AC11}.Release|Any CPU.Build.0 = Release|Any CPU
		{D038C7CA-1021-48AB-9EFA-BCBBA1E787ED}.Debug|Any CPU.ActiveCfg = Debug|Any CPU
		{D038C7CA-1021-48AB-9EFA-BCBBA1E787ED}.Debug|Any CPU.Build.0 = Debug|Any CPU
		{D038C7CA-1021-48AB-9EFA-BCBBA1E787ED}.Release|Any CPU.ActiveCfg = Release|Any CPU
		{D038C7CA-1021-48AB-9EFA-BCBBA1E787ED}.Release|Any CPU.Build.0 = Release|Any CPU
		{98CCBBB1-EA14-4029-B119-7C147FEAE94F}.Debug|Any CPU.ActiveCfg = Debug|Any CPU
		{98CCBBB1-EA14-4029-B119-7C147FEAE94F}.Debug|Any CPU.Build.0 = Debug|Any CPU
		{98CCBBB1-EA14-4029-B119-7C147FEAE94F}.Release|Any CPU.ActiveCfg = Release|Any CPU
		{98CCBBB1-EA14-4029-B119-7C147FEAE94F}.Release|Any CPU.Build.0 = Release|Any CPU
	EndGlobalSection
	GlobalSection(SolutionProperties) = preSolution
		HideSolutionNode = FALSE
	EndGlobalSection
EndGlobal
